// !$*UTF8*$!
{
	archiveVersion = 1;
	classes = {
	};
	objectVersion = 46;
	objects = {

/* Begin PBXBuildFile section */
		661647071C3C57A9002A39F0 /* PizzaTipoQuesoViewController.swift in Sources */ = {isa = PBXBuildFile; fileRef = 661647061C3C57A9002A39F0 /* PizzaTipoQuesoViewController.swift */; };
		661647091C3C5C32002A39F0 /* PizzaIngredientesViewController.swift in Sources */ = {isa = PBXBuildFile; fileRef = 661647081C3C5C32002A39F0 /* PizzaIngredientesViewController.swift */; };
		66830C3E1C3C4AF70059AADD /* AppDelegate.swift in Sources */ = {isa = PBXBuildFile; fileRef = 66830C3D1C3C4AF70059AADD /* AppDelegate.swift */; };
		66830C431C3C4AF70059AADD /* Main.storyboard in Resources */ = {isa = PBXBuildFile; fileRef = 66830C411C3C4AF70059AADD /* Main.storyboard */; };
		66830C451C3C4AF70059AADD /* Assets.xcassets in Resources */ = {isa = PBXBuildFile; fileRef = 66830C441C3C4AF70059AADD /* Assets.xcassets */; };
		66830C481C3C4AF70059AADD /* LaunchScreen.storyboard in Resources */ = {isa = PBXBuildFile; fileRef = 66830C461C3C4AF70059AADD /* LaunchScreen.storyboard */; };
		66D178C71C3C4BA600502E06 /* PizzaTipoMasaViewController.swift in Sources */ = {isa = PBXBuildFile; fileRef = 66D178C61C3C4BA600502E06 /* PizzaTipoMasaViewController.swift */; };
		66D178C91C3C4BCA00502E06 /* PizzaTamanyoViewController.swift in Sources */ = {isa = PBXBuildFile; fileRef = 66D178C81C3C4BCA00502E06 /* PizzaTamanyoViewController.swift */; };
/* End PBXBuildFile section */

/* Begin PBXFileReference section */
		661647061C3C57A9002A39F0 /* PizzaTipoQuesoViewController.swift */ = {isa = PBXFileReference; fileEncoding = 4; lastKnownFileType = sourcecode.swift; path = PizzaTipoQuesoViewController.swift; sourceTree = "<group>"; };
		661647081C3C5C32002A39F0 /* PizzaIngredientesViewController.swift */ = {isa = PBXFileReference; fileEncoding = 4; lastKnownFileType = sourcecode.swift; path = PizzaIngredientesViewController.swift; sourceTree = "<group>"; };
		66830C3A1C3C4AF70059AADD /* pizzas.app */ = {isa = PBXFileReference; explicitFileType = wrapper.application; includeInIndex = 0; path = pizzas.app; sourceTree = BUILT_PRODUCTS_DIR; };
		66830C3D1C3C4AF70059AADD /* AppDelegate.swift */ = {isa = PBXFileReference; lastKnownFileType = sourcecode.swift; path = AppDelegate.swift; sourceTree = "<group>"; };
		66830C421C3C4AF70059AADD /* Base */ = {isa = PBXFileReference; lastKnownFileType = file.storyboard; name = Base; path = Base.lproj/Main.storyboard; sourceTree = "<group>"; };
		66830C441C3C4AF70059AADD /* Assets.xcassets */ = {isa = PBXFileReference; lastKnownFileType = folder.assetcatalog; path = Assets.xcassets; sourceTree = "<group>"; };
		66830C471C3C4AF70059AADD /* Base */ = {isa = PBXFileReference; lastKnownFileType = file.storyboard; name = Base; path = Base.lproj/LaunchScreen.storyboard; sourceTree = "<group>"; };
		66830C491C3C4AF70059AADD /* Info.plist */ = {isa = PBXFileReference; lastKnownFileType = text.plist.xml; path = Info.plist; sourceTree = "<group>"; };
		66D178C61C3C4BA600502E06 /* PizzaTipoMasaViewController.swift */ = {isa = PBXFileReference; fileEncoding = 4; lastKnownFileType = sourcecode.swift; path = PizzaTipoMasaViewController.swift; sourceTree = "<group>"; };
		66D178C81C3C4BCA00502E06 /* PizzaTamanyoViewController.swift */ = {isa = PBXFileReference; fileEncoding = 4; lastKnownFileType = sourcecode.swift; path = PizzaTamanyoViewController.swift; sourceTree = "<group>"; };
/* End PBXFileReference section */

/* Begin PBXFrameworksBuildPhase section */
		66830C371C3C4AF70059AADD /* Frameworks */ = {
			isa = PBXFrameworksBuildPhase;
			buildActionMask = 2147483647;
			files = (
			);
			runOnlyForDeploymentPostprocessing = 0;
		};
/* End PBXFrameworksBuildPhase section */

/* Begin PBXGroup section */
		66830C311C3C4AF70059AADD = {
			isa = PBXGroup;
			children = (
				66830C3C1C3C4AF70059AADD /* pizzas */,
				66830C3B1C3C4AF70059AADD /* Products */,
			);
			sourceTree = "<group>";
		};
		66830C3B1C3C4AF70059AADD /* Products */ = {
			isa = PBXGroup;
			children = (
				66830C3A1C3C4AF70059AADD /* pizzas.app */,
			);
			name = Products;
			sourceTree = "<group>";
		};
		66830C3C1C3C4AF70059AADD /* pizzas */ = {
			isa = PBXGroup;
			children = (
				66830C3D1C3C4AF70059AADD /* AppDelegate.swift */,
				66D178C81C3C4BCA00502E06 /* PizzaTamanyoViewController.swift */,
				66D178C61C3C4BA600502E06 /* PizzaTipoMasaViewController.swift */,
				661647061C3C57A9002A39F0 /* PizzaTipoQuesoViewController.swift */,
				661647081C3C5C32002A39F0 /* PizzaIngredientesViewController.swift */,
				66830C411C3C4AF70059AADD /* Main.storyboard */,
				66830C441C3C4AF70059AADD /* Assets.xcassets */,
				66830C461C3C4AF70059AADD /* LaunchScreen.storyboard */,
				66830C491C3C4AF70059AADD /* Info.plist */,
			);
			path = pizzas;
			sourceTree = "<group>";
		};
/* End PBXGroup section */

/* Begin PBXNativeTarget section */
		66830C391C3C4AF70059AADD /* pizzas */ = {
			isa = PBXNativeTarget;
			buildConfigurationList = 66830C4C1C3C4AF70059AADD /* Build configuration list for PBXNativeTarget "pizzas" */;
			buildPhases = (
				66830C361C3C4AF70059AADD /* Sources */,
				66830C371C3C4AF70059AADD /* Frameworks */,
				66830C381C3C4AF70059AADD /* Resources */,
			);
			buildRules = (
			);
			dependencies = (
			);
			name = pizzas;
			productName = pizzas;
			productReference = 66830C3A1C3C4AF70059AADD /* pizzas.app */;
			productType = "com.apple.product-type.application";
		};
/* End PBXNativeTarget section */

/* Begin PBXProject section */
		66830C321C3C4AF70059AADD /* Project object */ = {
			isa = PBXProject;
			attributes = {
				LastSwiftUpdateCheck = 0720;
				LastUpgradeCheck = 0720;
				ORGANIZATIONNAME = "Javier Cantos";
				TargetAttributes = {
					66830C391C3C4AF70059AADD = {
						CreatedOnToolsVersion = 7.2;
					};
				};
			};
			buildConfigurationList = 66830C351C3C4AF70059AADD /* Build configuration list for PBXProject "pizzas" */;
			compatibilityVersion = "Xcode 3.2";
			developmentRegion = English;
			hasScannedForEncodings = 0;
			knownRegions = (
				en,
				Base,
			);
			mainGroup = 66830C311C3C4AF70059AADD;
			productRefGroup = 66830C3B1C3C4AF70059AADD /* Products */;
			projectDirPath = "";
			projectRoot = "";
			targets = (
				66830C391C3C4AF70059AADD /* pizzas */,
			);
		};
/* End PBXProject section */

/* Begin PBXResourcesBuildPhase section */
		66830C381C3C4AF70059AADD /* Resources */ = {
			isa = PBXResourcesBuildPhase;
			buildActionMask = 2147483647;
			files = (
				66830C481C3C4AF70059AADD /* LaunchScreen.storyboard in Resources */,
				66830C451C3C4AF70059AADD /* Assets.xcassets in Resources */,
				66830C431C3C4AF70059AADD /* Main.storyboard in Resources */,
			);
			runOnlyForDeploymentPostprocessing = 0;
		};
/* End PBXResourcesBuildPhase section */

/* Begin PBXSourcesBuildPhase section */
		66830C361C3C4AF70059AADD /* Sources */ = {
			isa = PBXSourcesBuildPhase;
			buildActionMask = 2147483647;
			files = (
				66830C3E1C3C4AF70059AADD /* AppDelegate.swift in Sources */,
				66D178C91C3C4BCA00502E06 /* PizzaTamanyoViewController.swift in Sources */,
				66D178C71C3C4BA600502E06 /* PizzaTipoMasaViewController.swift in Sources */,
				661647071C3C57A9002A39F0 /* PizzaTipoQuesoViewController.swift in Sources */,
				661647091C3C5C32002A39F0 /* PizzaIngredientesViewController.swift in Sources */,
			);
			runOnlyForDeploymentPostprocessing = 0;
		};
/* End PBXSourcesBuildPhase section */

/* Begin PBXVariantGroup section */
		66830C411C3C4AF70059AADD /* Main.storyboard */ = {
			isa = PBXVariantGroup;
			children = (
				66830C421C3C4AF70059AADD /* Base */,
			);
			name = Main.storyboard;
			sourceTree = "<group>";
		};
		66830C461C3C4AF70059AADD /* LaunchScreen.storyboard */ = {
			isa = PBXVariantGroup;
			children = (
				66830C471C3C4AF70059AADD /* Base */,
			);
			name = LaunchScreen.storyboard;
			sourceTree = "<group>";
		};
/* End PBXVariantGroup section */

/* Begin XCBuildConfiguration section */
		66830C4A1C3C4AF70059AADD /* Debug */ = {
			isa = XCBuildConfiguration;
			buildSettings = {
				ALWAYS_SEARCH_USER_PATHS = NO;
				CLANG_CXX_LANGUAGE_STANDARD = "gnu++0x";
				CLANG_CXX_LIBRARY = "libc++";
				CLANG_ENABLE_MODULES = YES;
				CLANG_ENABLE_OBJC_ARC = YES;
				CLANG_WARN_BOOL_CONVERSION = YES;
				CLANG_WARN_CONSTANT_CONVERSION = YES;
				CLANG_WARN_DIRECT_OBJC_ISA_USAGE = YES_ERROR;
				CLANG_WARN_EMPTY_BODY = YES;
				CLANG_WARN_ENUM_CONVERSION = YES;
				CLANG_WARN_INT_CONVERSION = YES;
				CLANG_WARN_OBJC_ROOT_CLASS = YES_ERROR;
				CLANG_WARN_UNREACHABLE_CODE = YES;
				CLANG_WARN__DUPLICATE_METHOD_MATCH = YES;
				"CODE_SIGN_IDENTITY[sdk=iphoneos*]" = "iPhone Developer";
				COPY_PHASE_STRIP = NO;
				DEBUG_INFORMATION_FORMAT = dwarf;
				ENABLE_STRICT_OBJC_MSGSEND = YES;
				ENABLE_TESTABILITY = YES;
				GCC_C_LANGUAGE_STANDARD = gnu99;
				GCC_DYNAMIC_NO_PIC = NO;
				GCC_NO_COMMON_BLOCKS = YES;
				GCC_OPTIMIZATION_LEVEL = 0;
				GCC_PREPROCESSOR_DEFINITIONS = (
					"DEBUG=1",
					"$(inherited)",
				);
				GCC_WARN_64_TO_32_BIT_CONVERSION = YES;
				GCC_WARN_ABOUT_RETURN_TYPE = YES_ERROR;
				GCC_WARN_UNDECLARED_SELECTOR = YES;
				GCC_WARN_UNINITIALIZED_AUTOS = YES_AGGRESSIVE;
				GCC_WARN_UNUSED_FUNCTION = YES;
				GCC_WARN_UNUSED_VARIABLE = YES;
				IPHONEOS_DEPLOYMENT_TARGET = 9.2;
				MTL_ENABLE_DEBUG_INFO = YES;
				ONLY_ACTIVE_ARCH = YES;
				SDKROOT = iphoneos;
				SWIFT_OPTIMIZATION_LEVEL = "-Onone";
			};
			name = Debug;
		};
		66830C4B1C3C4AF70059AADD /* Release */ = {
			isa = XCBuildConfiguration;
			buildSettings = {
				ALWAYS_SEARCH_USER_PATHS = NO;
				CLANG_CXX_LANGUAGE_STANDARD = "gnu++0x";
				CLANG_CXX_LIBRARY = "libc++";
				CLANG_ENABLE_MODULES = YES;
				CLANG_ENABLE_OBJC_ARC = YES;
				CLANG_WARN_BOOL_CONVERSION = YES;
				CLANG_WARN_CONSTANT_CONVERSION = YES;
				CLANG_WARN_DIRECT_OBJC_ISA_USAGE = YES_ERROR;
				CLANG_WARN_EMPTY_BODY = YES;
				CLANG_WARN_ENUM_CONVERSION = YES;
				CLANG_WARN_INT_CONVERSION = YES;
				CLANG_WARN_OBJC_ROOT_CLASS = YES_ERROR;
				CLANG_WARN_UNREACHABLE_CODE = YES;
				CLANG_WARN__DUPLICATE_METHOD_MATCH = YES;
				"CODE_SIGN_IDENTITY[sdk=iphoneos*]" = "iPhone Developer";
				COPY_PHASE_STRIP = NO;
				DEBUG_INFORMATION_FORMAT = "dwarf-with-dsym";
				ENABLE_NS_ASSERTIONS = NO;
				ENABLE_STRICT_OBJC_MSGSEND = YES;
				GCC_C_LANGUAGE_STANDARD = gnu99;
				GCC_NO_COMMON_BLOCKS = YES;
				GCC_WARN_64_TO_32_BIT_CONVERSION = YES;
				GCC_WARN_ABOUT_RETURN_TYPE = YES_ERROR;
				GCC_WARN_UNDECLARED_SELECTOR = YES;
				GCC_WARN_UNINITIALIZED_AUTOS = YES_AGGRESSIVE;
				GCC_WARN_UNUSED_FUNCTION = YES;
				GCC_WARN_UNUSED_VARIABLE = YES;
				IPHONEOS_DEPLOYMENT_TARGET = 9.2;
				MTL_ENABLE_DEBUG_INFO = NO;
				SDKROOT = iphoneos;
				VALIDATE_PRODUCT = YES;
			};
			name = Release;
		};
		66830C4D1C3C4AF70059AADD /* Debug */ = {
			isa = XCBuildConfiguration;
			buildSettings = {
				ASSETCATALOG_COMPILER_APPICON_NAME = AppIcon;
				INFOPLIST_FILE = pizzas/Info.plist;
				LD_RUNPATH_SEARCH_PATHS = "$(inherited) @executable_path/Frameworks";
				PRODUCT_BUNDLE_IDENTIFIER = com.jcantosm.pizzas;
				PRODUCT_NAME = "$(TARGET_NAME)";
			};
			name = Debug;
		};
		66830C4E1C3C4AF70059AADD /* Release */ = {
			isa = XCBuildConfiguration;
			buildSettings = {
				ASSETCATALOG_COMPILER_APPICON_NAME = AppIcon;
				INFOPLIST_FILE = pizzas/Info.plist;
				LD_RUNPATH_SEARCH_PATHS = "$(inherited) @executable_path/Frameworks";
				PRODUCT_BUNDLE_IDENTIFIER = com.jcantosm.pizzas;
				PRODUCT_NAME = "$(TARGET_NAME)";
			};
			name = Release;
		};
/* End XCBuildConfiguration section */

/* Begin XCConfigurationList section */
		66830C351C3C4AF70059AADD /* Build configuration list for PBXProject "pizzas" */ = {
			isa = XCConfigurationList;
			buildConfigurations = (
				66830C4A1C3C4AF70059AADD /* Debug */,
				66830C4B1C3C4AF70059AADD /* Release */,
			);
			defaultConfigurationIsVisible = 0;
			defaultConfigurationName = Release;
		};
		66830C4C1C3C4AF70059AADD /* Build configuration list for PBXNativeTarget "pizzas" */ = {
			isa = XCConfigurationList;
			buildConfigurations = (
				66830C4D1C3C4AF70059AADD /* Debug */,
				66830C4E1C3C4AF70059AADD /* Release */,
			);
			defaultConfigurationIsVisible = 0;
			defaultConfigurationName = Release;
		};
/* End XCConfigurationList section */
	};
	rootObject = 66830C321C3C4AF70059AADD /* Project object */;
}
