// !$*UTF8*$!
{
	archiveVersion = 1;
	classes = {
	};
	objectVersion = 46;
	objects = {

/* Begin PBXBuildFile section */
		661C35031C1C5080009EA524 /* AppDelegate.swift in Sources */ = {isa = PBXBuildFile; fileRef = 661C35021C1C5080009EA524 /* AppDelegate.swift */; };
		661C35051C1C5080009EA524 /* ViewController.swift in Sources */ = {isa = PBXBuildFile; fileRef = 661C35041C1C5080009EA524 /* ViewController.swift */; };
		661C35081C1C5080009EA524 /* Main.storyboard in Resources */ = {isa = PBXBuildFile; fileRef = 661C35061C1C5080009EA524 /* Main.storyboard */; };
		661C350A1C1C5080009EA524 /* Assets.xcassets in Resources */ = {isa = PBXBuildFile; fileRef = 661C35091C1C5080009EA524 /* Assets.xcassets */; };
		661C350D1C1C5080009EA524 /* LaunchScreen.storyboard in Resources */ = {isa = PBXBuildFile; fileRef = 661C350B1C1C5080009EA524 /* LaunchScreen.storyboard */; };
		661C35181C1C5081009EA524 /* librosonlineTests.swift in Sources */ = {isa = PBXBuildFile; fileRef = 661C35171C1C5081009EA524 /* librosonlineTests.swift */; };
		661C35231C1C5081009EA524 /* librosonlineUITests.swift in Sources */ = {isa = PBXBuildFile; fileRef = 661C35221C1C5081009EA524 /* librosonlineUITests.swift */; };
/* End PBXBuildFile section */

/* Begin PBXContainerItemProxy section */
		661C35141C1C5081009EA524 /* PBXContainerItemProxy */ = {
			isa = PBXContainerItemProxy;
			containerPortal = 661C34F71C1C5080009EA524 /* Project object */;
			proxyType = 1;
			remoteGlobalIDString = 661C34FE1C1C5080009EA524;
			remoteInfo = librosonline;
		};
		661C351F1C1C5081009EA524 /* PBXContainerItemProxy */ = {
			isa = PBXContainerItemProxy;
			containerPortal = 661C34F71C1C5080009EA524 /* Project object */;
			proxyType = 1;
			remoteGlobalIDString = 661C34FE1C1C5080009EA524;
			remoteInfo = librosonline;
		};
/* End PBXContainerItemProxy section */

/* Begin PBXFileReference section */
		661C34FF1C1C5080009EA524 /* librosonline.app */ = {isa = PBXFileReference; explicitFileType = wrapper.application; includeInIndex = 0; path = librosonline.app; sourceTree = BUILT_PRODUCTS_DIR; };
		661C35021C1C5080009EA524 /* AppDelegate.swift */ = {isa = PBXFileReference; lastKnownFileType = sourcecode.swift; path = AppDelegate.swift; sourceTree = "<group>"; };
		661C35041C1C5080009EA524 /* ViewController.swift */ = {isa = PBXFileReference; lastKnownFileType = sourcecode.swift; path = ViewController.swift; sourceTree = "<group>"; };
		661C35071C1C5080009EA524 /* Base */ = {isa = PBXFileReference; lastKnownFileType = file.storyboard; name = Base; path = Base.lproj/Main.storyboard; sourceTree = "<group>"; };
		661C35091C1C5080009EA524 /* Assets.xcassets */ = {isa = PBXFileReference; lastKnownFileType = folder.assetcatalog; path = Assets.xcassets; sourceTree = "<group>"; };
		661C350C1C1C5080009EA524 /* Base */ = {isa = PBXFileReference; lastKnownFileType = file.storyboard; name = Base; path = Base.lproj/LaunchScreen.storyboard; sourceTree = "<group>"; };
		661C350E1C1C5080009EA524 /* Info.plist */ = {isa = PBXFileReference; lastKnownFileType = text.plist.xml; path = Info.plist; sourceTree = "<group>"; };
		661C35131C1C5081009EA524 /* librosonlineTests.xctest */ = {isa = PBXFileReference; explicitFileType = wrapper.cfbundle; includeInIndex = 0; path = librosonlineTests.xctest; sourceTree = BUILT_PRODUCTS_DIR; };
		661C35171C1C5081009EA524 /* librosonlineTests.swift */ = {isa = PBXFileReference; lastKnownFileType = sourcecode.swift; path = librosonlineTests.swift; sourceTree = "<group>"; };
		661C35191C1C5081009EA524 /* Info.plist */ = {isa = PBXFileReference; lastKnownFileType = text.plist.xml; path = Info.plist; sourceTree = "<group>"; };
		661C351E1C1C5081009EA524 /* librosonlineUITests.xctest */ = {isa = PBXFileReference; explicitFileType = wrapper.cfbundle; includeInIndex = 0; path = librosonlineUITests.xctest; sourceTree = BUILT_PRODUCTS_DIR; };
		661C35221C1C5081009EA524 /* librosonlineUITests.swift */ = {isa = PBXFileReference; lastKnownFileType = sourcecode.swift; path = librosonlineUITests.swift; sourceTree = "<group>"; };
		661C35241C1C5081009EA524 /* Info.plist */ = {isa = PBXFileReference; lastKnownFileType = text.plist.xml; path = Info.plist; sourceTree = "<group>"; };
/* End PBXFileReference section */

/* Begin PBXFrameworksBuildPhase section */
		661C34FC1C1C5080009EA524 /* Frameworks */ = {
			isa = PBXFrameworksBuildPhase;
			buildActionMask = 2147483647;
			files = (
			);
			runOnlyForDeploymentPostprocessing = 0;
		};
		661C35101C1C5081009EA524 /* Frameworks */ = {
			isa = PBXFrameworksBuildPhase;
			buildActionMask = 2147483647;
			files = (
			);
			runOnlyForDeploymentPostprocessing = 0;
		};
		661C351B1C1C5081009EA524 /* Frameworks */ = {
			isa = PBXFrameworksBuildPhase;
			buildActionMask = 2147483647;
			files = (
			);
			runOnlyForDeploymentPostprocessing = 0;
		};
/* End PBXFrameworksBuildPhase section */

/* Begin PBXGroup section */
		661C34F61C1C5080009EA524 = {
			isa = PBXGroup;
			children = (
				661C35011C1C5080009EA524 /* librosonline */,
				661C35161C1C5081009EA524 /* librosonlineTests */,
				661C35211C1C5081009EA524 /* librosonlineUITests */,
				661C35001C1C5080009EA524 /* Products */,
			);
			sourceTree = "<group>";
		};
		661C35001C1C5080009EA524 /* Products */ = {
			isa = PBXGroup;
			children = (
				661C34FF1C1C5080009EA524 /* librosonline.app */,
				661C35131C1C5081009EA524 /* librosonlineTests.xctest */,
				661C351E1C1C5081009EA524 /* librosonlineUITests.xctest */,
			);
			name = Products;
			sourceTree = "<group>";
		};
		661C35011C1C5080009EA524 /* librosonline */ = {
			isa = PBXGroup;
			children = (
				661C35021C1C5080009EA524 /* AppDelegate.swift */,
				661C35041C1C5080009EA524 /* ViewController.swift */,
				661C35061C1C5080009EA524 /* Main.storyboard */,
				661C35091C1C5080009EA524 /* Assets.xcassets */,
				661C350B1C1C5080009EA524 /* LaunchScreen.storyboard */,
				661C350E1C1C5080009EA524 /* Info.plist */,
			);
			path = librosonline;
			sourceTree = "<group>";
		};
		661C35161C1C5081009EA524 /* librosonlineTests */ = {
			isa = PBXGroup;
			children = (
				661C35171C1C5081009EA524 /* librosonlineTests.swift */,
				661C35191C1C5081009EA524 /* Info.plist */,
			);
			path = librosonlineTests;
			sourceTree = "<group>";
		};
		661C35211C1C5081009EA524 /* librosonlineUITests */ = {
			isa = PBXGroup;
			children = (
				661C35221C1C5081009EA524 /* librosonlineUITests.swift */,
				661C35241C1C5081009EA524 /* Info.plist */,
			);
			path = librosonlineUITests;
			sourceTree = "<group>";
		};
/* End PBXGroup section */

/* Begin PBXNativeTarget section */
		661C34FE1C1C5080009EA524 /* librosonline */ = {
			isa = PBXNativeTarget;
			buildConfigurationList = 661C35271C1C5081009EA524 /* Build configuration list for PBXNativeTarget "librosonline" */;
			buildPhases = (
				661C34FB1C1C5080009EA524 /* Sources */,
				661C34FC1C1C5080009EA524 /* Frameworks */,
				661C34FD1C1C5080009EA524 /* Resources */,
			);
			buildRules = (
			);
			dependencies = (
			);
			name = librosonline;
			productName = librosonline;
			productReference = 661C34FF1C1C5080009EA524 /* librosonline.app */;
			productType = "com.apple.product-type.application";
		};
		661C35121C1C5081009EA524 /* librosonlineTests */ = {
			isa = PBXNativeTarget;
			buildConfigurationList = 661C352A1C1C5081009EA524 /* Build configuration list for PBXNativeTarget "librosonlineTests" */;
			buildPhases = (
				661C350F1C1C5081009EA524 /* Sources */,
				661C35101C1C5081009EA524 /* Frameworks */,
				661C35111C1C5081009EA524 /* Resources */,
			);
			buildRules = (
			);
			dependencies = (
				661C35151C1C5081009EA524 /* PBXTargetDependency */,
			);
			name = librosonlineTests;
			productName = librosonlineTests;
			productReference = 661C35131C1C5081009EA524 /* librosonlineTests.xctest */;
			productType = "com.apple.product-type.bundle.unit-test";
		};
		661C351D1C1C5081009EA524 /* librosonlineUITests */ = {
			isa = PBXNativeTarget;
			buildConfigurationList = 661C352D1C1C5081009EA524 /* Build configuration list for PBXNativeTarget "librosonlineUITests" */;
			buildPhases = (
				661C351A1C1C5081009EA524 /* Sources */,
				661C351B1C1C5081009EA524 /* Frameworks */,
				661C351C1C1C5081009EA524 /* Resources */,
			);
			buildRules = (
			);
			dependencies = (
				661C35201C1C5081009EA524 /* PBXTargetDependency */,
			);
			name = librosonlineUITests;
			productName = librosonlineUITests;
			productReference = 661C351E1C1C5081009EA524 /* librosonlineUITests.xctest */;
			productType = "com.apple.product-type.bundle.ui-testing";
		};
/* End PBXNativeTarget section */

/* Begin PBXProject section */
		661C34F71C1C5080009EA524 /* Project object */ = {
			isa = PBXProject;
			attributes = {
				LastSwiftUpdateCheck = 0720;
				LastUpgradeCheck = 0720;
				ORGANIZATIONNAME = "Javier Cantos";
				TargetAttributes = {
					661C34FE1C1C5080009EA524 = {
						CreatedOnToolsVersion = 7.2;
					};
					661C35121C1C5081009EA524 = {
						CreatedOnToolsVersion = 7.2;
						TestTargetID = 661C34FE1C1C5080009EA524;
					};
					661C351D1C1C5081009EA524 = {
						CreatedOnToolsVersion = 7.2;
						TestTargetID = 661C34FE1C1C5080009EA524;
					};
				};
			};
			buildConfigurationList = 661C34FA1C1C5080009EA524 /* Build configuration list for PBXProject "librosonline" */;
			compatibilityVersion = "Xcode 3.2";
			developmentRegion = English;
			hasScannedForEncodings = 0;
			knownRegions = (
				en,
				Base,
			);
			mainGroup = 661C34F61C1C5080009EA524;
			productRefGroup = 661C35001C1C5080009EA524 /* Products */;
			projectDirPath = "";
			projectRoot = "";
			targets = (
				661C34FE1C1C5080009EA524 /* librosonline */,
				661C35121C1C5081009EA524 /* librosonlineTests */,
				661C351D1C1C5081009EA524 /* librosonlineUITests */,
			);
		};
/* End PBXProject section */

/* Begin PBXResourcesBuildPhase section */
		661C34FD1C1C5080009EA524 /* Resources */ = {
			isa = PBXResourcesBuildPhase;
			buildActionMask = 2147483647;
			files = (
				661C350D1C1C5080009EA524 /* LaunchScreen.storyboard in Resources */,
				661C350A1C1C5080009EA524 /* Assets.xcassets in Resources */,
				661C35081C1C5080009EA524 /* Main.storyboard in Resources */,
			);
			runOnlyForDeploymentPostprocessing = 0;
		};
		661C35111C1C5081009EA524 /* Resources */ = {
			isa = PBXResourcesBuildPhase;
			buildActionMask = 2147483647;
			files = (
			);
			runOnlyForDeploymentPostprocessing = 0;
		};
		661C351C1C1C5081009EA524 /* Resources */ = {
			isa = PBXResourcesBuildPhase;
			buildActionMask = 2147483647;
			files = (
			);
			runOnlyForDeploymentPostprocessing = 0;
		};
/* End PBXResourcesBuildPhase section */

/* Begin PBXSourcesBuildPhase section */
		661C34FB1C1C5080009EA524 /* Sources */ = {
			isa = PBXSourcesBuildPhase;
			buildActionMask = 2147483647;
			files = (
				661C35051C1C5080009EA524 /* ViewController.swift in Sources */,
				661C35031C1C5080009EA524 /* AppDelegate.swift in Sources */,
			);
			runOnlyForDeploymentPostprocessing = 0;
		};
		661C350F1C1C5081009EA524 /* Sources */ = {
			isa = PBXSourcesBuildPhase;
			buildActionMask = 2147483647;
			files = (
				661C35181C1C5081009EA524 /* librosonlineTests.swift in Sources */,
			);
			runOnlyForDeploymentPostprocessing = 0;
		};
		661C351A1C1C5081009EA524 /* Sources */ = {
			isa = PBXSourcesBuildPhase;
			buildActionMask = 2147483647;
			files = (
				661C35231C1C5081009EA524 /* librosonlineUITests.swift in Sources */,
			);
			runOnlyForDeploymentPostprocessing = 0;
		};
/* End PBXSourcesBuildPhase section */

/* Begin PBXTargetDependency section */
		661C35151C1C5081009EA524 /* PBXTargetDependency */ = {
			isa = PBXTargetDependency;
			target = 661C34FE1C1C5080009EA524 /* librosonline */;
			targetProxy = 661C35141C1C5081009EA524 /* PBXContainerItemProxy */;
		};
		661C35201C1C5081009EA524 /* PBXTargetDependency */ = {
			isa = PBXTargetDependency;
			target = 661C34FE1C1C5080009EA524 /* librosonline */;
			targetProxy = 661C351F1C1C5081009EA524 /* PBXContainerItemProxy */;
		};
/* End PBXTargetDependency section */

/* Begin PBXVariantGroup section */
		661C35061C1C5080009EA524 /* Main.storyboard */ = {
			isa = PBXVariantGroup;
			children = (
				661C35071C1C5080009EA524 /* Base */,
			);
			name = Main.storyboard;
			sourceTree = "<group>";
		};
		661C350B1C1C5080009EA524 /* LaunchScreen.storyboard */ = {
			isa = PBXVariantGroup;
			children = (
				661C350C1C1C5080009EA524 /* Base */,
			);
			name = LaunchScreen.storyboard;
			sourceTree = "<group>";
		};
/* End PBXVariantGroup section */

/* Begin XCBuildConfiguration section */
		661C35251C1C5081009EA524 /* Debug */ = {
			isa = XCBuildConfiguration;
			buildSettings = {
				ALWAYS_SEARCH_USER_PATHS = NO;
				CLANG_CXX_LANGUAGE_STANDARD = "gnu++0x";
				CLANG_CXX_LIBRARY = "libc++";
				CLANG_ENABLE_MODULES = YES;
				CLANG_ENABLE_OBJC_ARC = YES;
				CLANG_WARN_BOOL_CONVERSION = YES;
				CLANG_WARN_CONSTANT_CONVERSION = YES;
				CLANG_WARN_DIRECT_OBJC_ISA_USAGE = YES_ERROR;
				CLANG_WARN_EMPTY_BODY = YES;
				CLANG_WARN_ENUM_CONVERSION = YES;
				CLANG_WARN_INT_CONVERSION = YES;
				CLANG_WARN_OBJC_ROOT_CLASS = YES_ERROR;
				CLANG_WARN_UNREACHABLE_CODE = YES;
				CLANG_WARN__DUPLICATE_METHOD_MATCH = YES;
				"CODE_SIGN_IDENTITY[sdk=iphoneos*]" = "iPhone Developer";
				COPY_PHASE_STRIP = NO;
				DEBUG_INFORMATION_FORMAT = dwarf;
				ENABLE_STRICT_OBJC_MSGSEND = YES;
				ENABLE_TESTABILITY = YES;
				GCC_C_LANGUAGE_STANDARD = gnu99;
				GCC_DYNAMIC_NO_PIC = NO;
				GCC_NO_COMMON_BLOCKS = YES;
				GCC_OPTIMIZATION_LEVEL = 0;
				GCC_PREPROCESSOR_DEFINITIONS = (
					"DEBUG=1",
					"$(inherited)",
				);
				GCC_WARN_64_TO_32_BIT_CONVERSION = YES;
				GCC_WARN_ABOUT_RETURN_TYPE = YES_ERROR;
				GCC_WARN_UNDECLARED_SELECTOR = YES;
				GCC_WARN_UNINITIALIZED_AUTOS = YES_AGGRESSIVE;
				GCC_WARN_UNUSED_FUNCTION = YES;
				GCC_WARN_UNUSED_VARIABLE = YES;
				IPHONEOS_DEPLOYMENT_TARGET = 9.2;
				MTL_ENABLE_DEBUG_INFO = YES;
				ONLY_ACTIVE_ARCH = YES;
				SDKROOT = iphoneos;
				SWIFT_OPTIMIZATION_LEVEL = "-Onone";
				TARGETED_DEVICE_FAMILY = "1,2";
			};
			name = Debug;
		};
		661C35261C1C5081009EA524 /* Release */ = {
			isa = XCBuildConfiguration;
			buildSettings = {
				ALWAYS_SEARCH_USER_PATHS = NO;
				CLANG_CXX_LANGUAGE_STANDARD = "gnu++0x";
				CLANG_CXX_LIBRARY = "libc++";
				CLANG_ENABLE_MODULES = YES;
				CLANG_ENABLE_OBJC_ARC = YES;
				CLANG_WARN_BOOL_CONVERSION = YES;
				CLANG_WARN_CONSTANT_CONVERSION = YES;
				CLANG_WARN_DIRECT_OBJC_ISA_USAGE = YES_ERROR;
				CLANG_WARN_EMPTY_BODY = YES;
				CLANG_WARN_ENUM_CONVERSION = YES;
				CLANG_WARN_INT_CONVERSION = YES;
				CLANG_WARN_OBJC_ROOT_CLASS = YES_ERROR;
				CLANG_WARN_UNREACHABLE_CODE = YES;
				CLANG_WARN__DUPLICATE_METHOD_MATCH = YES;
				"CODE_SIGN_IDENTITY[sdk=iphoneos*]" = "iPhone Developer";
				COPY_PHASE_STRIP = NO;
				DEBUG_INFORMATION_FORMAT = "dwarf-with-dsym";
				ENABLE_NS_ASSERTIONS = NO;
				ENABLE_STRICT_OBJC_MSGSEND = YES;
				GCC_C_LANGUAGE_STANDARD = gnu99;
				GCC_NO_COMMON_BLOCKS = YES;
				GCC_WARN_64_TO_32_BIT_CONVERSION = YES;
				GCC_WARN_ABOUT_RETURN_TYPE = YES_ERROR;
				GCC_WARN_UNDECLARED_SELECTOR = YES;
				GCC_WARN_UNINITIALIZED_AUTOS = YES_AGGRESSIVE;
				GCC_WARN_UNUSED_FUNCTION = YES;
				GCC_WARN_UNUSED_VARIABLE = YES;
				IPHONEOS_DEPLOYMENT_TARGET = 9.2;
				MTL_ENABLE_DEBUG_INFO = NO;
				SDKROOT = iphoneos;
				TARGETED_DEVICE_FAMILY = "1,2";
				VALIDATE_PRODUCT = YES;
			};
			name = Release;
		};
		661C35281C1C5081009EA524 /* Debug */ = {
			isa = XCBuildConfiguration;
			buildSettings = {
				ASSETCATALOG_COMPILER_APPICON_NAME = AppIcon;
				INFOPLIST_FILE = librosonline/Info.plist;
				LD_RUNPATH_SEARCH_PATHS = "$(inherited) @executable_path/Frameworks";
				PRODUCT_BUNDLE_IDENTIFIER = es.platerogreenschool.librosonline;
				PRODUCT_NAME = "$(TARGET_NAME)";
			};
			name = Debug;
		};
		661C35291C1C5081009EA524 /* Release */ = {
			isa = XCBuildConfiguration;
			buildSettings = {
				ASSETCATALOG_COMPILER_APPICON_NAME = AppIcon;
				INFOPLIST_FILE = librosonline/Info.plist;
				LD_RUNPATH_SEARCH_PATHS = "$(inherited) @executable_path/Frameworks";
				PRODUCT_BUNDLE_IDENTIFIER = es.platerogreenschool.librosonline;
				PRODUCT_NAME = "$(TARGET_NAME)";
			};
			name = Release;
		};
		661C352B1C1C5081009EA524 /* Debug */ = {
			isa = XCBuildConfiguration;
			buildSettings = {
				BUNDLE_LOADER = "$(TEST_HOST)";
				INFOPLIST_FILE = librosonlineTests/Info.plist;
				LD_RUNPATH_SEARCH_PATHS = "$(inherited) @executable_path/Frameworks @loader_path/Frameworks";
				PRODUCT_BUNDLE_IDENTIFIER = es.platerogreenschool.librosonlineTests;
				PRODUCT_NAME = "$(TARGET_NAME)";
				TEST_HOST = "$(BUILT_PRODUCTS_DIR)/librosonline.app/librosonline";
			};
			name = Debug;
		};
		661C352C1C1C5081009EA524 /* Release */ = {
			isa = XCBuildConfiguration;
			buildSettings = {
				BUNDLE_LOADER = "$(TEST_HOST)";
				INFOPLIST_FILE = librosonlineTests/Info.plist;
				LD_RUNPATH_SEARCH_PATHS = "$(inherited) @executable_path/Frameworks @loader_path/Frameworks";
				PRODUCT_BUNDLE_IDENTIFIER = es.platerogreenschool.librosonlineTests;
				PRODUCT_NAME = "$(TARGET_NAME)";
				TEST_HOST = "$(BUILT_PRODUCTS_DIR)/librosonline.app/librosonline";
			};
			name = Release;
		};
		661C352E1C1C5081009EA524 /* Debug */ = {
			isa = XCBuildConfiguration;
			buildSettings = {
				INFOPLIST_FILE = librosonlineUITests/Info.plist;
				LD_RUNPATH_SEARCH_PATHS = "$(inherited) @executable_path/Frameworks @loader_path/Frameworks";
				PRODUCT_BUNDLE_IDENTIFIER = es.platerogreenschool.librosonlineUITests;
				PRODUCT_NAME = "$(TARGET_NAME)";
				TEST_TARGET_NAME = librosonline;
				USES_XCTRUNNER = YES;
			};
			name = Debug;
		};
		661C352F1C1C5081009EA524 /* Release */ = {
			isa = XCBuildConfiguration;
			buildSettings = {
				INFOPLIST_FILE = librosonlineUITests/Info.plist;
				LD_RUNPATH_SEARCH_PATHS = "$(inherited) @executable_path/Frameworks @loader_path/Frameworks";
				PRODUCT_BUNDLE_IDENTIFIER = es.platerogreenschool.librosonlineUITests;
				PRODUCT_NAME = "$(TARGET_NAME)";
				TEST_TARGET_NAME = librosonline;
				USES_XCTRUNNER = YES;
			};
			name = Release;
		};
/* End XCBuildConfiguration section */

/* Begin XCConfigurationList section */
		661C34FA1C1C5080009EA524 /* Build configuration list for PBXProject "librosonline" */ = {
			isa = XCConfigurationList;
			buildConfigurations = (
				661C35251C1C5081009EA524 /* Debug */,
				661C35261C1C5081009EA524 /* Release */,
			);
			defaultConfigurationIsVisible = 0;
			defaultConfigurationName = Release;
		};
		661C35271C1C5081009EA524 /* Build configuration list for PBXNativeTarget "librosonline" */ = {
			isa = XCConfigurationList;
			buildConfigurations = (
				661C35281C1C5081009EA524 /* Debug */,
				661C35291C1C5081009EA524 /* Release */,
			);
			defaultConfigurationIsVisible = 0;
		};
		661C352A1C1C5081009EA524 /* Build configuration list for PBXNativeTarget "librosonlineTests" */ = {
			isa = XCConfigurationList;
			buildConfigurations = (
				661C352B1C1C5081009EA524 /* Debug */,
				661C352C1C1C5081009EA524 /* Release */,
			);
			defaultConfigurationIsVisible = 0;
		};
		661C352D1C1C5081009EA524 /* Build configuration list for PBXNativeTarget "librosonlineUITests" */ = {
			isa = XCConfigurationList;
			buildConfigurations = (
				661C352E1C1C5081009EA524 /* Debug */,
				661C352F1C1C5081009EA524 /* Release */,
			);
			defaultConfigurationIsVisible = 0;
		};
/* End XCConfigurationList section */
	};
	rootObject = 661C34F71C1C5080009EA524 /* Project object */;
}
