// !$*UTF8*$!
{
	archiveVersion = 1;
	classes = {
	};
	objectVersion = 46;
	objects = {

/* Begin PBXBuildFile section */
		6630559F1C2EB97600EF92C1 /* AppDelegate.swift in Sources */ = {isa = PBXBuildFile; fileRef = 6630559E1C2EB97600EF92C1 /* AppDelegate.swift */; };
		663055A61C2EB97700EF92C1 /* Assets.xcassets in Resources */ = {isa = PBXBuildFile; fileRef = 663055A51C2EB97700EF92C1 /* Assets.xcassets */; };
		663055A91C2EB97700EF92C1 /* LaunchScreen.storyboard in Resources */ = {isa = PBXBuildFile; fileRef = 663055A71C2EB97700EF92C1 /* LaunchScreen.storyboard */; };
		663055CA1C2EBB0F00EF92C1 /* ViewController.swift in Sources */ = {isa = PBXBuildFile; fileRef = 663055C91C2EBB0F00EF92C1 /* ViewController.swift */; };
		663055CC1C2EBB2D00EF92C1 /* Main.storyboard in Resources */ = {isa = PBXBuildFile; fileRef = 663055CB1C2EBB2D00EF92C1 /* Main.storyboard */; };
		663055EE1C2EBD0300EF92C1 /* ADAGIO.PNG in Resources */ = {isa = PBXBuildFile; fileRef = 663055E31C2EBD0300EF92C1 /* ADAGIO.PNG */; };
		663055EF1C2EBD0300EF92C1 /* AmarEsSoloAmor.mp3 in Resources */ = {isa = PBXBuildFile; fileRef = 663055E41C2EBD0300EF92C1 /* AmarEsSoloAmor.mp3 */; };
		663055F01C2EBD0300EF92C1 /* AmorEsSoloAmar.mp3 in Resources */ = {isa = PBXBuildFile; fileRef = 663055E51C2EBD0300EF92C1 /* AmorEsSoloAmar.mp3 */; };
		663055F11C2EBD0300EF92C1 /* ChicasMalas.mp3 in Resources */ = {isa = PBXBuildFile; fileRef = 663055E61C2EBD0300EF92C1 /* ChicasMalas.mp3 */; };
		663055F21C2EBD0300EF92C1 /* CHICASMALAS.PNG in Resources */ = {isa = PBXBuildFile; fileRef = 663055E71C2EBD0300EF92C1 /* CHICASMALAS.PNG */; };
		663055F31C2EBD0300EF92C1 /* ElDespertar.mp3 in Resources */ = {isa = PBXBuildFile; fileRef = 663055E81C2EBD0300EF92C1 /* ElDespertar.mp3 */; };
		663055F41C2EBD0300EF92C1 /* MINAGE.PNG in Resources */ = {isa = PBXBuildFile; fileRef = 663055E91C2EBD0300EF92C1 /* MINAGE.PNG */; };
		663055F51C2EBD0300EF92C1 /* MONICA4.0.PNG in Resources */ = {isa = PBXBuildFile; fileRef = 663055EA1C2EBD0300EF92C1 /* MONICA4.0.PNG */; };
		663055F61C2EBD0300EF92C1 /* PALABRAMUJER.PNG in Resources */ = {isa = PBXBuildFile; fileRef = 663055EB1C2EBD0300EF92C1 /* PALABRAMUJER.PNG */; };
		663055F71C2EBD0300EF92C1 /* PanteraEnLibertad.mp3 in Resources */ = {isa = PBXBuildFile; fileRef = 663055EC1C2EBD0300EF92C1 /* PanteraEnLibertad.mp3 */; };
		663055F81C2EBD0300EF92C1 /* Sobrevivire.mp3 in Resources */ = {isa = PBXBuildFile; fileRef = 663055ED1C2EBD0300EF92C1 /* Sobrevivire.mp3 */; };
/* End PBXBuildFile section */

/* Begin PBXFileReference section */
		6630559B1C2EB97600EF92C1 /* mediaplayer.app */ = {isa = PBXFileReference; explicitFileType = wrapper.application; includeInIndex = 0; path = mediaplayer.app; sourceTree = BUILT_PRODUCTS_DIR; };
		6630559E1C2EB97600EF92C1 /* AppDelegate.swift */ = {isa = PBXFileReference; lastKnownFileType = sourcecode.swift; path = AppDelegate.swift; sourceTree = "<group>"; };
		663055A51C2EB97700EF92C1 /* Assets.xcassets */ = {isa = PBXFileReference; lastKnownFileType = folder.assetcatalog; path = Assets.xcassets; sourceTree = "<group>"; };
		663055A81C2EB97700EF92C1 /* Base */ = {isa = PBXFileReference; lastKnownFileType = file.storyboard; name = Base; path = Base.lproj/LaunchScreen.storyboard; sourceTree = "<group>"; };
		663055AA1C2EB97700EF92C1 /* Info.plist */ = {isa = PBXFileReference; lastKnownFileType = text.plist.xml; path = Info.plist; sourceTree = "<group>"; };
		663055C91C2EBB0F00EF92C1 /* ViewController.swift */ = {isa = PBXFileReference; fileEncoding = 4; lastKnownFileType = sourcecode.swift; path = ViewController.swift; sourceTree = "<group>"; };
		663055CB1C2EBB2D00EF92C1 /* Main.storyboard */ = {isa = PBXFileReference; fileEncoding = 4; lastKnownFileType = file.storyboard; path = Main.storyboard; sourceTree = "<group>"; };
		663055E31C2EBD0300EF92C1 /* ADAGIO.PNG */ = {isa = PBXFileReference; lastKnownFileType = image.png; path = ADAGIO.PNG; sourceTree = "<group>"; };
		663055E41C2EBD0300EF92C1 /* AmarEsSoloAmor.mp3 */ = {isa = PBXFileReference; lastKnownFileType = audio.mp3; path = AmarEsSoloAmor.mp3; sourceTree = "<group>"; };
		663055E51C2EBD0300EF92C1 /* AmorEsSoloAmar.mp3 */ = {isa = PBXFileReference; lastKnownFileType = audio.mp3; path = AmorEsSoloAmar.mp3; sourceTree = "<group>"; };
		663055E61C2EBD0300EF92C1 /* ChicasMalas.mp3 */ = {isa = PBXFileReference; lastKnownFileType = audio.mp3; path = ChicasMalas.mp3; sourceTree = "<group>"; };
		663055E71C2EBD0300EF92C1 /* CHICASMALAS.PNG */ = {isa = PBXFileReference; lastKnownFileType = image.png; path = CHICASMALAS.PNG; sourceTree = "<group>"; };
		663055E81C2EBD0300EF92C1 /* ElDespertar.mp3 */ = {isa = PBXFileReference; lastKnownFileType = audio.mp3; path = ElDespertar.mp3; sourceTree = "<group>"; };
		663055E91C2EBD0300EF92C1 /* MINAGE.PNG */ = {isa = PBXFileReference; lastKnownFileType = image.png; path = MINAGE.PNG; sourceTree = "<group>"; };
		663055EA1C2EBD0300EF92C1 /* MONICA4.0.PNG */ = {isa = PBXFileReference; lastKnownFileType = image.png; path = MONICA4.0.PNG; sourceTree = "<group>"; };
		663055EB1C2EBD0300EF92C1 /* PALABRAMUJER.PNG */ = {isa = PBXFileReference; lastKnownFileType = image.png; path = PALABRAMUJER.PNG; sourceTree = "<group>"; };
		663055EC1C2EBD0300EF92C1 /* PanteraEnLibertad.mp3 */ = {isa = PBXFileReference; lastKnownFileType = audio.mp3; path = PanteraEnLibertad.mp3; sourceTree = "<group>"; };
		663055ED1C2EBD0300EF92C1 /* Sobrevivire.mp3 */ = {isa = PBXFileReference; lastKnownFileType = audio.mp3; path = Sobrevivire.mp3; sourceTree = "<group>"; };
/* End PBXFileReference section */

/* Begin PBXFrameworksBuildPhase section */
		663055981C2EB97600EF92C1 /* Frameworks */ = {
			isa = PBXFrameworksBuildPhase;
			buildActionMask = 2147483647;
			files = (
			);
			runOnlyForDeploymentPostprocessing = 0;
		};
/* End PBXFrameworksBuildPhase section */

/* Begin PBXGroup section */
		663055921C2EB97600EF92C1 = {
			isa = PBXGroup;
			children = (
				663055E21C2EBD0300EF92C1 /* media */,
				6630559D1C2EB97600EF92C1 /* mediaplayer */,
				6630559C1C2EB97600EF92C1 /* Products */,
			);
			sourceTree = "<group>";
		};
		6630559C1C2EB97600EF92C1 /* Products */ = {
			isa = PBXGroup;
			children = (
				6630559B1C2EB97600EF92C1 /* mediaplayer.app */,
			);
			name = Products;
			sourceTree = "<group>";
		};
		6630559D1C2EB97600EF92C1 /* mediaplayer */ = {
			isa = PBXGroup;
			children = (
				663055C91C2EBB0F00EF92C1 /* ViewController.swift */,
				6630559E1C2EB97600EF92C1 /* AppDelegate.swift */,
				663055A51C2EB97700EF92C1 /* Assets.xcassets */,
				663055A71C2EB97700EF92C1 /* LaunchScreen.storyboard */,
				663055CB1C2EBB2D00EF92C1 /* Main.storyboard */,
				663055AA1C2EB97700EF92C1 /* Info.plist */,
			);
			path = mediaplayer;
			sourceTree = "<group>";
		};
		663055E21C2EBD0300EF92C1 /* media */ = {
			isa = PBXGroup;
			children = (
				663055E31C2EBD0300EF92C1 /* ADAGIO.PNG */,
				663055E41C2EBD0300EF92C1 /* AmarEsSoloAmor.mp3 */,
				663055E51C2EBD0300EF92C1 /* AmorEsSoloAmar.mp3 */,
				663055E61C2EBD0300EF92C1 /* ChicasMalas.mp3 */,
				663055E71C2EBD0300EF92C1 /* CHICASMALAS.PNG */,
				663055E81C2EBD0300EF92C1 /* ElDespertar.mp3 */,
				663055E91C2EBD0300EF92C1 /* MINAGE.PNG */,
				663055EA1C2EBD0300EF92C1 /* MONICA4.0.PNG */,
				663055EB1C2EBD0300EF92C1 /* PALABRAMUJER.PNG */,
				663055EC1C2EBD0300EF92C1 /* PanteraEnLibertad.mp3 */,
				663055ED1C2EBD0300EF92C1 /* Sobrevivire.mp3 */,
			);
			name = media;
			path = mediaplayer/media;
			sourceTree = "<group>";
		};
/* End PBXGroup section */

/* Begin PBXNativeTarget section */
		6630559A1C2EB97600EF92C1 /* mediaplayer */ = {
			isa = PBXNativeTarget;
			buildConfigurationList = 663055AD1C2EB97700EF92C1 /* Build configuration list for PBXNativeTarget "mediaplayer" */;
			buildPhases = (
				663055971C2EB97600EF92C1 /* Sources */,
				663055981C2EB97600EF92C1 /* Frameworks */,
				663055991C2EB97600EF92C1 /* Resources */,
			);
			buildRules = (
			);
			dependencies = (
			);
			name = mediaplayer;
			productName = mediaplayer;
			productReference = 6630559B1C2EB97600EF92C1 /* mediaplayer.app */;
			productType = "com.apple.product-type.application";
		};
/* End PBXNativeTarget section */

/* Begin PBXProject section */
		663055931C2EB97600EF92C1 /* Project object */ = {
			isa = PBXProject;
			attributes = {
				LastSwiftUpdateCheck = 0720;
				LastUpgradeCheck = 0720;
				ORGANIZATIONNAME = "Javier Cantos";
				TargetAttributes = {
					6630559A1C2EB97600EF92C1 = {
						CreatedOnToolsVersion = 7.2;
					};
				};
			};
			buildConfigurationList = 663055961C2EB97600EF92C1 /* Build configuration list for PBXProject "mediaplayer" */;
			compatibilityVersion = "Xcode 3.2";
			developmentRegion = English;
			hasScannedForEncodings = 0;
			knownRegions = (
				en,
				Base,
			);
			mainGroup = 663055921C2EB97600EF92C1;
			productRefGroup = 6630559C1C2EB97600EF92C1 /* Products */;
			projectDirPath = "";
			projectRoot = "";
			targets = (
				6630559A1C2EB97600EF92C1 /* mediaplayer */,
			);
		};
/* End PBXProject section */

/* Begin PBXResourcesBuildPhase section */
		663055991C2EB97600EF92C1 /* Resources */ = {
			isa = PBXResourcesBuildPhase;
			buildActionMask = 2147483647;
			files = (
				663055EF1C2EBD0300EF92C1 /* AmarEsSoloAmor.mp3 in Resources */,
				663055F81C2EBD0300EF92C1 /* Sobrevivire.mp3 in Resources */,
				663055F21C2EBD0300EF92C1 /* CHICASMALAS.PNG in Resources */,
				663055F01C2EBD0300EF92C1 /* AmorEsSoloAmar.mp3 in Resources */,
				663055EE1C2EBD0300EF92C1 /* ADAGIO.PNG in Resources */,
				663055F71C2EBD0300EF92C1 /* PanteraEnLibertad.mp3 in Resources */,
				663055F11C2EBD0300EF92C1 /* ChicasMalas.mp3 in Resources */,
				663055F61C2EBD0300EF92C1 /* PALABRAMUJER.PNG in Resources */,
				663055CC1C2EBB2D00EF92C1 /* Main.storyboard in Resources */,
				663055A91C2EB97700EF92C1 /* LaunchScreen.storyboard in Resources */,
				663055F41C2EBD0300EF92C1 /* MINAGE.PNG in Resources */,
				663055F31C2EBD0300EF92C1 /* ElDespertar.mp3 in Resources */,
				663055A61C2EB97700EF92C1 /* Assets.xcassets in Resources */,
				663055F51C2EBD0300EF92C1 /* MONICA4.0.PNG in Resources */,
			);
			runOnlyForDeploymentPostprocessing = 0;
		};
/* End PBXResourcesBuildPhase section */

/* Begin PBXSourcesBuildPhase section */
		663055971C2EB97600EF92C1 /* Sources */ = {
			isa = PBXSourcesBuildPhase;
			buildActionMask = 2147483647;
			files = (
				663055CA1C2EBB0F00EF92C1 /* ViewController.swift in Sources */,
				6630559F1C2EB97600EF92C1 /* AppDelegate.swift in Sources */,
			);
			runOnlyForDeploymentPostprocessing = 0;
		};
/* End PBXSourcesBuildPhase section */

/* Begin PBXVariantGroup section */
		663055A71C2EB97700EF92C1 /* LaunchScreen.storyboard */ = {
			isa = PBXVariantGroup;
			children = (
				663055A81C2EB97700EF92C1 /* Base */,
			);
			name = LaunchScreen.storyboard;
			sourceTree = "<group>";
		};
/* End PBXVariantGroup section */

/* Begin XCBuildConfiguration section */
		663055AB1C2EB97700EF92C1 /* Debug */ = {
			isa = XCBuildConfiguration;
			buildSettings = {
				ALWAYS_SEARCH_USER_PATHS = NO;
				CLANG_CXX_LANGUAGE_STANDARD = "gnu++0x";
				CLANG_CXX_LIBRARY = "libc++";
				CLANG_ENABLE_MODULES = YES;
				CLANG_ENABLE_OBJC_ARC = YES;
				CLANG_WARN_BOOL_CONVERSION = YES;
				CLANG_WARN_CONSTANT_CONVERSION = YES;
				CLANG_WARN_DIRECT_OBJC_ISA_USAGE = YES_ERROR;
				CLANG_WARN_EMPTY_BODY = YES;
				CLANG_WARN_ENUM_CONVERSION = YES;
				CLANG_WARN_INT_CONVERSION = YES;
				CLANG_WARN_OBJC_ROOT_CLASS = YES_ERROR;
				CLANG_WARN_UNREACHABLE_CODE = YES;
				CLANG_WARN__DUPLICATE_METHOD_MATCH = YES;
				"CODE_SIGN_IDENTITY[sdk=iphoneos*]" = "iPhone Developer";
				COPY_PHASE_STRIP = NO;
				DEBUG_INFORMATION_FORMAT = dwarf;
				ENABLE_STRICT_OBJC_MSGSEND = YES;
				ENABLE_TESTABILITY = YES;
				GCC_C_LANGUAGE_STANDARD = gnu99;
				GCC_DYNAMIC_NO_PIC = NO;
				GCC_NO_COMMON_BLOCKS = YES;
				GCC_OPTIMIZATION_LEVEL = 0;
				GCC_PREPROCESSOR_DEFINITIONS = (
					"DEBUG=1",
					"$(inherited)",
				);
				GCC_WARN_64_TO_32_BIT_CONVERSION = YES;
				GCC_WARN_ABOUT_RETURN_TYPE = YES_ERROR;
				GCC_WARN_UNDECLARED_SELECTOR = YES;
				GCC_WARN_UNINITIALIZED_AUTOS = YES_AGGRESSIVE;
				GCC_WARN_UNUSED_FUNCTION = YES;
				GCC_WARN_UNUSED_VARIABLE = YES;
				IPHONEOS_DEPLOYMENT_TARGET = 9.2;
				MTL_ENABLE_DEBUG_INFO = YES;
				ONLY_ACTIVE_ARCH = YES;
				SDKROOT = iphoneos;
				SWIFT_OPTIMIZATION_LEVEL = "-Onone";
			};
			name = Debug;
		};
		663055AC1C2EB97700EF92C1 /* Release */ = {
			isa = XCBuildConfiguration;
			buildSettings = {
				ALWAYS_SEARCH_USER_PATHS = NO;
				CLANG_CXX_LANGUAGE_STANDARD = "gnu++0x";
				CLANG_CXX_LIBRARY = "libc++";
				CLANG_ENABLE_MODULES = YES;
				CLANG_ENABLE_OBJC_ARC = YES;
				CLANG_WARN_BOOL_CONVERSION = YES;
				CLANG_WARN_CONSTANT_CONVERSION = YES;
				CLANG_WARN_DIRECT_OBJC_ISA_USAGE = YES_ERROR;
				CLANG_WARN_EMPTY_BODY = YES;
				CLANG_WARN_ENUM_CONVERSION = YES;
				CLANG_WARN_INT_CONVERSION = YES;
				CLANG_WARN_OBJC_ROOT_CLASS = YES_ERROR;
				CLANG_WARN_UNREACHABLE_CODE = YES;
				CLANG_WARN__DUPLICATE_METHOD_MATCH = YES;
				"CODE_SIGN_IDENTITY[sdk=iphoneos*]" = "iPhone Developer";
				COPY_PHASE_STRIP = NO;
				DEBUG_INFORMATION_FORMAT = "dwarf-with-dsym";
				ENABLE_NS_ASSERTIONS = NO;
				ENABLE_STRICT_OBJC_MSGSEND = YES;
				GCC_C_LANGUAGE_STANDARD = gnu99;
				GCC_NO_COMMON_BLOCKS = YES;
				GCC_WARN_64_TO_32_BIT_CONVERSION = YES;
				GCC_WARN_ABOUT_RETURN_TYPE = YES_ERROR;
				GCC_WARN_UNDECLARED_SELECTOR = YES;
				GCC_WARN_UNINITIALIZED_AUTOS = YES_AGGRESSIVE;
				GCC_WARN_UNUSED_FUNCTION = YES;
				GCC_WARN_UNUSED_VARIABLE = YES;
				IPHONEOS_DEPLOYMENT_TARGET = 9.2;
				MTL_ENABLE_DEBUG_INFO = NO;
				SDKROOT = iphoneos;
				VALIDATE_PRODUCT = YES;
			};
			name = Release;
		};
		663055AE1C2EB97700EF92C1 /* Debug */ = {
			isa = XCBuildConfiguration;
			buildSettings = {
				ASSETCATALOG_COMPILER_APPICON_NAME = AppIcon;
				INFOPLIST_FILE = mediaplayer/Info.plist;
				LD_RUNPATH_SEARCH_PATHS = "$(inherited) @executable_path/Frameworks";
				PRODUCT_BUNDLE_IDENTIFIER = com.jcantosm.mediaplayer;
				PRODUCT_NAME = "$(TARGET_NAME)";
			};
			name = Debug;
		};
		663055AF1C2EB97700EF92C1 /* Release */ = {
			isa = XCBuildConfiguration;
			buildSettings = {
				ASSETCATALOG_COMPILER_APPICON_NAME = AppIcon;
				INFOPLIST_FILE = mediaplayer/Info.plist;
				LD_RUNPATH_SEARCH_PATHS = "$(inherited) @executable_path/Frameworks";
				PRODUCT_BUNDLE_IDENTIFIER = com.jcantosm.mediaplayer;
				PRODUCT_NAME = "$(TARGET_NAME)";
			};
			name = Release;
		};
/* End XCBuildConfiguration section */

/* Begin XCConfigurationList section */
		663055961C2EB97600EF92C1 /* Build configuration list for PBXProject "mediaplayer" */ = {
			isa = XCConfigurationList;
			buildConfigurations = (
				663055AB1C2EB97700EF92C1 /* Debug */,
				663055AC1C2EB97700EF92C1 /* Release */,
			);
			defaultConfigurationIsVisible = 0;
			defaultConfigurationName = Release;
		};
		663055AD1C2EB97700EF92C1 /* Build configuration list for PBXNativeTarget "mediaplayer" */ = {
			isa = XCConfigurationList;
			buildConfigurations = (
				663055AE1C2EB97700EF92C1 /* Debug */,
				663055AF1C2EB97700EF92C1 /* Release */,
			);
			defaultConfigurationIsVisible = 0;
			defaultConfigurationName = Release;
		};
/* End XCConfigurationList section */
	};
	rootObject = 663055931C2EB97600EF92C1 /* Project object */;
}
